
Microsoft Visual Studio Solution File, Format Version 12.00
# Visual Studio Version 16
VisualStudioVersion = 16.0.30717.126
MinimumVisualStudioVersion = 10.0.40219.1
Project("{9A19103F-16F7-4668-BE54-9A1E7A4F7556}") = "Crabot", "Crabot.csproj", "{88BCBFDC-B858-47C0-8905-CE287065B08C}"
EndProject
Project("{9A19103F-16F7-4668-BE54-9A1E7A4F7556}") = "Crabot.Gateway", "..\Crabot.Gateway\Crabot.Gateway.csproj", "{F0A86FDA-E860-4D6F-8F64-4E69BA254956}"
EndProject
Project("{9A19103F-16F7-4668-BE54-9A1E7A4F7556}") = "Crabot.Rest", "..\Crabot.Rest\Crabot.Rest.csproj", "{04637C06-4858-4E9F-BC54-99DD324BD08F}"
EndProject
Project("{9A19103F-16F7-4668-BE54-9A1E7A4F7556}") = "Crabot.Contracts", "..\Crabot.Contracts\Crabot.Contracts.csproj", "{D0FDF2C0-0485-4385-828A-F364F93AA785}"
EndProject
Project("{9A19103F-16F7-4668-BE54-9A1E7A4F7556}") = "Crabot.Core", "..\Crabot.Core\Crabot.Core.csproj", "{1CFDC540-D724-4962-9BBF-AF6AB838E7BA}"
EndProject
Project("{2150E333-8FDC-42A3-9474-1A3956D46DE8}") = "Solution Items", "Solution Items", "{F29BD121-EE45-4E6E-A461-AD3341401E4D}"
	ProjectSection(SolutionItems) = preProject
		README.md = README.md
	EndProjectSection
EndProject
Project("{9A19103F-16F7-4668-BE54-9A1E7A4F7556}") = "Crabot.WebSocket", "..\Crabot.WebSocket\Crabot.WebSocket.csproj", "{F423B802-4C15-47A8-A70E-B34C73E5E82A}"
EndProject
Project("{9A19103F-16F7-4668-BE54-9A1E7A4F7556}") = "Crabot.Commands", "..\Crabot.CommandProcessor\Crabot.Commands.csproj", "{C1883827-026A-4713-A4CB-731896815952}"
EndProject
Project("{9A19103F-16F7-4668-BE54-9A1E7A4F7556}") = "Crabot.MessageExtensions", "..\Crabot.MessageExtensions\Crabot.MessageExtensions.csproj", "{8F2FDCB0-C8F2-4EB8-82D1-1718FFBD006E}"
EndProject
Project("{9A19103F-16F7-4668-BE54-9A1E7A4F7556}") = "Crabot.Tests", "..\Crabot.Tests\Crabot.Tests.csproj", "{E84359E8-56C7-4A83-8E92-A9723E5886A2}"
EndProject
Global
	GlobalSection(SolutionConfigurationPlatforms) = preSolution
		Debug|Any CPU = Debug|Any CPU
		Release|Any CPU = Release|Any CPU
	EndGlobalSection
	GlobalSection(ProjectConfigurationPlatforms) = postSolution
		{88BCBFDC-B858-47C0-8905-CE287065B08C}.Debug|Any CPU.ActiveCfg = Debug|Any CPU
		{88BCBFDC-B858-47C0-8905-CE287065B08C}.Debug|Any CPU.Build.0 = Debug|Any CPU
		{88BCBFDC-B858-47C0-8905-CE287065B08C}.Release|Any CPU.ActiveCfg = Release|Any CPU
		{88BCBFDC-B858-47C0-8905-CE287065B08C}.Release|Any CPU.Build.0 = Release|Any CPU
		{F0A86FDA-E860-4D6F-8F64-4E69BA254956}.Debug|Any CPU.ActiveCfg = Debug|Any CPU
		{F0A86FDA-E860-4D6F-8F64-4E69BA254956}.Debug|Any CPU.Build.0 = Debug|Any CPU
		{F0A86FDA-E860-4D6F-8F64-4E69BA254956}.Release|Any CPU.ActiveCfg = Release|Any CPU
		{F0A86FDA-E860-4D6F-8F64-4E69BA254956}.Release|Any CPU.Build.0 = Release|Any CPU
		{04637C06-4858-4E9F-BC54-99DD324BD08F}.Debug|Any CPU.ActiveCfg = Debug|Any CPU
		{04637C06-4858-4E9F-BC54-99DD324BD08F}.Debug|Any CPU.Build.0 = Debug|Any CPU
		{04637C06-4858-4E9F-BC54-99DD324BD08F}.Release|Any CPU.ActiveCfg = Release|Any CPU
		{04637C06-4858-4E9F-BC54-99DD324BD08F}.Release|Any CPU.Build.0 = Release|Any CPU
		{D0FDF2C0-0485-4385-828A-F364F93AA785}.Debug|Any CPU.ActiveCfg = Debug|Any CPU
		{D0FDF2C0-0485-4385-828A-F364F93AA785}.Debug|Any CPU.Build.0 = Debug|Any CPU
		{D0FDF2C0-0485-4385-828A-F364F93AA785}.Release|Any CPU.ActiveCfg = Release|Any CPU
		{D0FDF2C0-0485-4385-828A-F364F93AA785}.Release|Any CPU.Build.0 = Release|Any CPU
		{1CFDC540-D724-4962-9BBF-AF6AB838E7BA}.Debug|Any CPU.ActiveCfg = Debug|Any CPU
		{1CFDC540-D724-4962-9BBF-AF6AB838E7BA}.Debug|Any CPU.Build.0 = Debug|Any CPU
		{1CFDC540-D724-4962-9BBF-AF6AB838E7BA}.Release|Any CPU.ActiveCfg = Release|Any CPU
		{1CFDC540-D724-4962-9BBF-AF6AB838E7BA}.Release|Any CPU.Build.0 = Release|Any CPU
		{F423B802-4C15-47A8-A70E-B34C73E5E82A}.Debug|Any CPU.ActiveCfg = Debug|Any CPU
		{F423B802-4C15-47A8-A70E-B34C73E5E82A}.Debug|Any CPU.Build.0 = Debug|Any CPU
		{F423B802-4C15-47A8-A70E-B34C73E5E82A}.Release|Any CPU.ActiveCfg = Release|Any CPU
		{F423B802-4C15-47A8-A70E-B34C73E5E82A}.Release|Any CPU.Build.0 = Release|Any CPU
		{C1883827-026A-4713-A4CB-731896815952}.Debug|Any CPU.ActiveCfg = Debug|Any CPU
		{C1883827-026A-4713-A4CB-731896815952}.Debug|Any CPU.Build.0 = Debug|Any CPU
		{C1883827-026A-4713-A4CB-731896815952}.Release|Any CPU.ActiveCfg = Release|Any CPU
		{C1883827-026A-4713-A4CB-731896815952}.Release|Any CPU.Build.0 = Release|Any CPU
		{8F2FDCB0-C8F2-4EB8-82D1-1718FFBD006E}.Debug|Any CPU.ActiveCfg = Debug|Any CPU
		{8F2FDCB0-C8F2-4EB8-82D1-1718FFBD006E}.Debug|Any CPU.Build.0 = Debug|Any CPU
		{8F2FDCB0-C8F2-4EB8-82D1-1718FFBD006E}.Release|Any CPU.ActiveCfg = Release|Any CPU
		{8F2FDCB0-C8F2-4EB8-82D1-1718FFBD006E}.Release|Any CPU.Build.0 = Release|Any CPU
		{E84359E8-56C7-4A83-8E92-A9723E5886A2}.Debug|Any CPU.ActiveCfg = Debug|Any CPU
		{E84359E8-56C7-4A83-8E92-A9723E5886A2}.Debug|Any CPU.Build.0 = Debug|Any CPU
		{E84359E8-56C7-4A83-8E92-A9723E5886A2}.Release|Any CPU.ActiveCfg = Release|Any CPU
		{E84359E8-56C7-4A83-8E92-A9723E5886A2}.Release|Any CPU.Build.0 = Release|Any CPU
	EndGlobalSection
	GlobalSection(SolutionProperties) = preSolution
		HideSolutionNode = FALSE
	EndGlobalSection
	GlobalSection(ExtensibilityGlobals) = postSolution
		SolutionGuid = {2BC4FEC8-60DB-43BA-A75F-438973BC1BB5}
	EndGlobalSection
EndGlobal
